
Microsoft Visual Studio Solution File, Format Version 12.00
# Visual Studio Version 17
VisualStudioVersion = 17.4.33103.184
MinimumVisualStudioVersion = 10.0.40219.1
Project("{FAE04EC0-301F-11D3-BF4B-00C04F79EFBC}") = "pet-api", "pet-api\pet-api.csproj", "{8AD95E10-B874-4666-970B-6EC845DBCC10}"
EndProject
Global
	GlobalSection(SolutionConfigurationPlatforms) = preSolution
		Debug|Any CPU = Debug|Any CPU
		Release|Any CPU = Release|Any CPU
	EndGlobalSection
	GlobalSection(ProjectConfigurationPlatforms) = postSolution
		{8AD95E10-B874-4666-970B-6EC845DBCC10}.Debug|Any CPU.ActiveCfg = Debug|Any CPU
		{8AD95E10-B874-4666-970B-6EC845DBCC10}.Debug|Any CPU.Build.0 = Debug|Any CPU
		{8AD95E10-B874-4666-970B-6EC845DBCC10}.Release|Any CPU.ActiveCfg = Release|Any CPU
		{8AD95E10-B874-4666-970B-6EC845DBCC10}.Release|Any CPU.Build.0 = Release|Any CPU
	EndGlobalSection
	GlobalSection(SolutionProperties) = preSolution
		HideSolutionNode = FALSE
	EndGlobalSection
	GlobalSection(ExtensibilityGlobals) = postSolution
		SolutionGuid = {AF26A94F-E39C-4B46-93A4-536C92DA775D}
	EndGlobalSection
EndGlobal
